
Microsoft Visual Studio Solution File, Format Version 12.00
# Visual Studio 14
VisualStudioVersion = 14.0.25420.1
MinimumVisualStudioVersion = 10.0.40219.1
Project("{2150E333-8FDC-42A3-9474-1A3956D46DE8}") = "2. BestPractices", "2. BestPractices", "{40A05061-9648-4C4A-A632-0A50598423E0}"
EndProject
Project("{FAE04EC0-301F-11D3-BF4B-00C04F79EFBC}") = "BestPractices.Tests", "BestPractices.Tests\BestPractices.Tests.csproj", "{7E669FE1-73F8-4D59-83C0-7042EE576449}"
EndProject
Project("{FAE04EC0-301F-11D3-BF4B-00C04F79EFBC}") = "BestPractices", "BestPractices\BestPractices.csproj", "{F2CFDF32-5B61-4D83-BB19-00369E605537}"
EndProject
Project("{2150E333-8FDC-42A3-9474-1A3956D46DE8}") = "4. OpenCover", "4. OpenCover", "{0A8DE20B-F3B8-4856-BAB2-F9A5705AA598}"
EndProject
Project("{FAE04EC0-301F-11D3-BF4B-00C04F79EFBC}") = "OpenCover.Tests", "OpenCover.Tests\OpenCover.Tests.csproj", "{90A3F0B8-027B-40AF-AC64-FE839830688D}"
EndProject
Project("{2150E333-8FDC-42A3-9474-1A3956D46DE8}") = "1. xUnitQuickStart", "1. xUnitQuickStart", "{E0D4AADB-3777-4484-A449-F7F3180912EC}"
EndProject
Project("{FAE04EC0-301F-11D3-BF4B-00C04F79EFBC}") = "xUnitQuickStart", "xUnitQuickStart\xUnitQuickStart.csproj", "{DA8509D3-8BE7-400A-9D6C-803E85C47CBA}"
EndProject
Project("{FAE04EC0-301F-11D3-BF4B-00C04F79EFBC}") = "xUnitQuickStart.Tests", "xUnitQuickStart.Tests\xUnitQuickStart.Tests.csproj", "{09885F73-2F13-4F13-B40A-4EACB63F4FD6}"
EndProject
Project("{2150E333-8FDC-42A3-9474-1A3956D46DE8}") = "3. Moq", "3. Moq", "{AD3D8CBB-2DC2-4766-972A-746A12E79CC8}"
EndProject
Project("{2150E333-8FDC-42A3-9474-1A3956D46DE8}") = "0. Code used in presentation", "0. Code used in presentation", "{0A9CA06E-FC1A-4BC2-9C77-AD88B7B8360F}"
EndProject
Project("{FAE04EC0-301F-11D3-BF4B-00C04F79EFBC}") = "nUnitTests", "nUnitTests\nUnitTests.csproj", "{69273F1C-1EA5-4E74-857A-4F1245082B39}"
EndProject
Project("{FAE04EC0-301F-11D3-BF4B-00C04F79EFBC}") = "xUnitTests", "xUnitTests\xUnitTests.csproj", "{2B069D47-F787-4BF5-BBEC-5632F37CCBB6}"
EndProject
Project("{FAE04EC0-301F-11D3-BF4B-00C04F79EFBC}") = "EasyTests", "EasyTests\EasyTests.csproj", "{FA388013-6B94-40D8-8F27-C910FC65F90E}"
EndProject
Project("{FAE04EC0-301F-11D3-BF4B-00C04F79EFBC}") = "CodeSamples", "CodeSamples\CodeSamples.csproj", "{ACFC85D4-5524-48E3-8051-82853CCBFFBA}"
EndProject
Project("{2150E333-8FDC-42A3-9474-1A3956D46DE8}") = "5. Database unit tests", "5. Database unit tests", "{2AFFDFF4-2A4B-4B88-8AED-35892F1DE59C}"
EndProject
Project("{00D1A9C2-B5F0-4AF3-8072-F6C62B433612}") = "ExampleDataBase", "ExampleDataBase\ExampleDataBase.sqlproj", "{83C85134-7395-4CBA-AF84-769DAC3D289F}"
EndProject
Project("{FAE04EC0-301F-11D3-BF4B-00C04F79EFBC}") = "MocksQuickStart", "MocksQuickStart\MocksQuickStart.csproj", "{9055F633-39F1-4C32-920C-D49272498590}"
EndProject
Project("{FAE04EC0-301F-11D3-BF4B-00C04F79EFBC}") = "MocksQuickStart.Moq.Tests", "MocksQuickStart.Moq.Tests\MocksQuickStart.Moq.Tests.csproj", "{B60C474C-DFCD-4C50-B214-830852450A52}"
EndProject
Project("{FAE04EC0-301F-11D3-BF4B-00C04F79EFBC}") = "MocksQuickStart.NSubstitute.Tests", "MocksQuickStart.NSubstitute.Tests\MocksQuickStart.NSubstitute.Tests.csproj", "{FBBDCB36-9F9A-4E0D-9923-0C121FFFBEEC}"
EndProject
Global
	GlobalSection(SolutionConfigurationPlatforms) = preSolution
		Debug|Any CPU = Debug|Any CPU
		Debug|ARM = Debug|ARM
		Debug|x64 = Debug|x64
		Debug|x86 = Debug|x86
		Release|Any CPU = Release|Any CPU
		Release|ARM = Release|ARM
		Release|x64 = Release|x64
		Release|x86 = Release|x86
	EndGlobalSection
	GlobalSection(ProjectConfigurationPlatforms) = postSolution
		{7E669FE1-73F8-4D59-83C0-7042EE576449}.Debug|Any CPU.ActiveCfg = Debug|Any CPU
		{7E669FE1-73F8-4D59-83C0-7042EE576449}.Debug|Any CPU.Build.0 = Debug|Any CPU
		{7E669FE1-73F8-4D59-83C0-7042EE576449}.Debug|ARM.ActiveCfg = Debug|Any CPU
		{7E669FE1-73F8-4D59-83C0-7042EE576449}.Debug|ARM.Build.0 = Debug|Any CPU
		{7E669FE1-73F8-4D59-83C0-7042EE576449}.Debug|x64.ActiveCfg = Debug|Any CPU
		{7E669FE1-73F8-4D59-83C0-7042EE576449}.Debug|x64.Build.0 = Debug|Any CPU
		{7E669FE1-73F8-4D59-83C0-7042EE576449}.Debug|x86.ActiveCfg = Debug|Any CPU
		{7E669FE1-73F8-4D59-83C0-7042EE576449}.Debug|x86.Build.0 = Debug|Any CPU
		{7E669FE1-73F8-4D59-83C0-7042EE576449}.Release|Any CPU.ActiveCfg = Release|Any CPU
		{7E669FE1-73F8-4D59-83C0-7042EE576449}.Release|Any CPU.Build.0 = Release|Any CPU
		{7E669FE1-73F8-4D59-83C0-7042EE576449}.Release|ARM.ActiveCfg = Release|Any CPU
		{7E669FE1-73F8-4D59-83C0-7042EE576449}.Release|ARM.Build.0 = Release|Any CPU
		{7E669FE1-73F8-4D59-83C0-7042EE576449}.Release|x64.ActiveCfg = Release|Any CPU
		{7E669FE1-73F8-4D59-83C0-7042EE576449}.Release|x64.Build.0 = Release|Any CPU
		{7E669FE1-73F8-4D59-83C0-7042EE576449}.Release|x86.ActiveCfg = Release|Any CPU
		{7E669FE1-73F8-4D59-83C0-7042EE576449}.Release|x86.Build.0 = Release|Any CPU
		{F2CFDF32-5B61-4D83-BB19-00369E605537}.Debug|Any CPU.ActiveCfg = Debug|Any CPU
		{F2CFDF32-5B61-4D83-BB19-00369E605537}.Debug|Any CPU.Build.0 = Debug|Any CPU
		{F2CFDF32-5B61-4D83-BB19-00369E605537}.Debug|ARM.ActiveCfg = Debug|Any CPU
		{F2CFDF32-5B61-4D83-BB19-00369E605537}.Debug|ARM.Build.0 = Debug|Any CPU
		{F2CFDF32-5B61-4D83-BB19-00369E605537}.Debug|x64.ActiveCfg = Debug|Any CPU
		{F2CFDF32-5B61-4D83-BB19-00369E605537}.Debug|x64.Build.0 = Debug|Any CPU
		{F2CFDF32-5B61-4D83-BB19-00369E605537}.Debug|x86.ActiveCfg = Debug|Any CPU
		{F2CFDF32-5B61-4D83-BB19-00369E605537}.Debug|x86.Build.0 = Debug|Any CPU
		{F2CFDF32-5B61-4D83-BB19-00369E605537}.Release|Any CPU.ActiveCfg = Release|Any CPU
		{F2CFDF32-5B61-4D83-BB19-00369E605537}.Release|Any CPU.Build.0 = Release|Any CPU
		{F2CFDF32-5B61-4D83-BB19-00369E605537}.Release|ARM.ActiveCfg = Release|Any CPU
		{F2CFDF32-5B61-4D83-BB19-00369E605537}.Release|ARM.Build.0 = Release|Any CPU
		{F2CFDF32-5B61-4D83-BB19-00369E605537}.Release|x64.ActiveCfg = Release|Any CPU
		{F2CFDF32-5B61-4D83-BB19-00369E605537}.Release|x64.Build.0 = Release|Any CPU
		{F2CFDF32-5B61-4D83-BB19-00369E605537}.Release|x86.ActiveCfg = Release|Any CPU
		{F2CFDF32-5B61-4D83-BB19-00369E605537}.Release|x86.Build.0 = Release|Any CPU
		{90A3F0B8-027B-40AF-AC64-FE839830688D}.Debug|Any CPU.ActiveCfg = Debug|Any CPU
		{90A3F0B8-027B-40AF-AC64-FE839830688D}.Debug|Any CPU.Build.0 = Debug|Any CPU
		{90A3F0B8-027B-40AF-AC64-FE839830688D}.Debug|ARM.ActiveCfg = Debug|Any CPU
		{90A3F0B8-027B-40AF-AC64-FE839830688D}.Debug|ARM.Build.0 = Debug|Any CPU
		{90A3F0B8-027B-40AF-AC64-FE839830688D}.Debug|x64.ActiveCfg = Debug|Any CPU
		{90A3F0B8-027B-40AF-AC64-FE839830688D}.Debug|x64.Build.0 = Debug|Any CPU
		{90A3F0B8-027B-40AF-AC64-FE839830688D}.Debug|x86.ActiveCfg = Debug|Any CPU
		{90A3F0B8-027B-40AF-AC64-FE839830688D}.Debug|x86.Build.0 = Debug|Any CPU
		{90A3F0B8-027B-40AF-AC64-FE839830688D}.Release|Any CPU.ActiveCfg = Release|Any CPU
		{90A3F0B8-027B-40AF-AC64-FE839830688D}.Release|Any CPU.Build.0 = Release|Any CPU
		{90A3F0B8-027B-40AF-AC64-FE839830688D}.Release|ARM.ActiveCfg = Release|Any CPU
		{90A3F0B8-027B-40AF-AC64-FE839830688D}.Release|ARM.Build.0 = Release|Any CPU
		{90A3F0B8-027B-40AF-AC64-FE839830688D}.Release|x64.ActiveCfg = Release|Any CPU
		{90A3F0B8-027B-40AF-AC64-FE839830688D}.Release|x64.Build.0 = Release|Any CPU
		{90A3F0B8-027B-40AF-AC64-FE839830688D}.Release|x86.ActiveCfg = Release|Any CPU
		{90A3F0B8-027B-40AF-AC64-FE839830688D}.Release|x86.Build.0 = Release|Any CPU
		{DA8509D3-8BE7-400A-9D6C-803E85C47CBA}.Debug|Any CPU.ActiveCfg = Debug|Any CPU
		{DA8509D3-8BE7-400A-9D6C-803E85C47CBA}.Debug|Any CPU.Build.0 = Debug|Any CPU
		{DA8509D3-8BE7-400A-9D6C-803E85C47CBA}.Debug|ARM.ActiveCfg = Debug|Any CPU
		{DA8509D3-8BE7-400A-9D6C-803E85C47CBA}.Debug|ARM.Build.0 = Debug|Any CPU
		{DA8509D3-8BE7-400A-9D6C-803E85C47CBA}.Debug|x64.ActiveCfg = Debug|Any CPU
		{DA8509D3-8BE7-400A-9D6C-803E85C47CBA}.Debug|x64.Build.0 = Debug|Any CPU
		{DA8509D3-8BE7-400A-9D6C-803E85C47CBA}.Debug|x86.ActiveCfg = Debug|Any CPU
		{DA8509D3-8BE7-400A-9D6C-803E85C47CBA}.Debug|x86.Build.0 = Debug|Any CPU
		{DA8509D3-8BE7-400A-9D6C-803E85C47CBA}.Release|Any CPU.ActiveCfg = Release|Any CPU
		{DA8509D3-8BE7-400A-9D6C-803E85C47CBA}.Release|Any CPU.Build.0 = Release|Any CPU
		{DA8509D3-8BE7-400A-9D6C-803E85C47CBA}.Release|ARM.ActiveCfg = Release|Any CPU
		{DA8509D3-8BE7-400A-9D6C-803E85C47CBA}.Release|ARM.Build.0 = Release|Any CPU
		{DA8509D3-8BE7-400A-9D6C-803E85C47CBA}.Release|x64.ActiveCfg = Release|Any CPU
		{DA8509D3-8BE7-400A-9D6C-803E85C47CBA}.Release|x64.Build.0 = Release|Any CPU
		{DA8509D3-8BE7-400A-9D6C-803E85C47CBA}.Release|x86.ActiveCfg = Release|Any CPU
		{DA8509D3-8BE7-400A-9D6C-803E85C47CBA}.Release|x86.Build.0 = Release|Any CPU
		{09885F73-2F13-4F13-B40A-4EACB63F4FD6}.Debug|Any CPU.ActiveCfg = Debug|Any CPU
		{09885F73-2F13-4F13-B40A-4EACB63F4FD6}.Debug|Any CPU.Build.0 = Debug|Any CPU
		{09885F73-2F13-4F13-B40A-4EACB63F4FD6}.Debug|ARM.ActiveCfg = Debug|Any CPU
		{09885F73-2F13-4F13-B40A-4EACB63F4FD6}.Debug|ARM.Build.0 = Debug|Any CPU
		{09885F73-2F13-4F13-B40A-4EACB63F4FD6}.Debug|x64.ActiveCfg = Debug|Any CPU
		{09885F73-2F13-4F13-B40A-4EACB63F4FD6}.Debug|x64.Build.0 = Debug|Any CPU
		{09885F73-2F13-4F13-B40A-4EACB63F4FD6}.Debug|x86.ActiveCfg = Debug|Any CPU
		{09885F73-2F13-4F13-B40A-4EACB63F4FD6}.Debug|x86.Build.0 = Debug|Any CPU
		{09885F73-2F13-4F13-B40A-4EACB63F4FD6}.Release|Any CPU.ActiveCfg = Release|Any CPU
		{09885F73-2F13-4F13-B40A-4EACB63F4FD6}.Release|Any CPU.Build.0 = Release|Any CPU
		{09885F73-2F13-4F13-B40A-4EACB63F4FD6}.Release|ARM.ActiveCfg = Release|Any CPU
		{09885F73-2F13-4F13-B40A-4EACB63F4FD6}.Release|ARM.Build.0 = Release|Any CPU
		{09885F73-2F13-4F13-B40A-4EACB63F4FD6}.Release|x64.ActiveCfg = Release|Any CPU
		{09885F73-2F13-4F13-B40A-4EACB63F4FD6}.Release|x64.Build.0 = Release|Any CPU
		{09885F73-2F13-4F13-B40A-4EACB63F4FD6}.Release|x86.ActiveCfg = Release|Any CPU
		{09885F73-2F13-4F13-B40A-4EACB63F4FD6}.Release|x86.Build.0 = Release|Any CPU
		{69273F1C-1EA5-4E74-857A-4F1245082B39}.Debug|Any CPU.ActiveCfg = Debug|Any CPU
		{69273F1C-1EA5-4E74-857A-4F1245082B39}.Debug|Any CPU.Build.0 = Debug|Any CPU
		{69273F1C-1EA5-4E74-857A-4F1245082B39}.Debug|ARM.ActiveCfg = Debug|Any CPU
		{69273F1C-1EA5-4E74-857A-4F1245082B39}.Debug|ARM.Build.0 = Debug|Any CPU
		{69273F1C-1EA5-4E74-857A-4F1245082B39}.Debug|x64.ActiveCfg = Debug|Any CPU
		{69273F1C-1EA5-4E74-857A-4F1245082B39}.Debug|x64.Build.0 = Debug|Any CPU
		{69273F1C-1EA5-4E74-857A-4F1245082B39}.Debug|x86.ActiveCfg = Debug|Any CPU
		{69273F1C-1EA5-4E74-857A-4F1245082B39}.Debug|x86.Build.0 = Debug|Any CPU
		{69273F1C-1EA5-4E74-857A-4F1245082B39}.Release|Any CPU.ActiveCfg = Release|Any CPU
		{69273F1C-1EA5-4E74-857A-4F1245082B39}.Release|Any CPU.Build.0 = Release|Any CPU
		{69273F1C-1EA5-4E74-857A-4F1245082B39}.Release|ARM.ActiveCfg = Release|Any CPU
		{69273F1C-1EA5-4E74-857A-4F1245082B39}.Release|ARM.Build.0 = Release|Any CPU
		{69273F1C-1EA5-4E74-857A-4F1245082B39}.Release|x64.ActiveCfg = Release|Any CPU
		{69273F1C-1EA5-4E74-857A-4F1245082B39}.Release|x64.Build.0 = Release|Any CPU
		{69273F1C-1EA5-4E74-857A-4F1245082B39}.Release|x86.ActiveCfg = Release|Any CPU
		{69273F1C-1EA5-4E74-857A-4F1245082B39}.Release|x86.Build.0 = Release|Any CPU
		{2B069D47-F787-4BF5-BBEC-5632F37CCBB6}.Debug|Any CPU.ActiveCfg = Debug|Any CPU
		{2B069D47-F787-4BF5-BBEC-5632F37CCBB6}.Debug|Any CPU.Build.0 = Debug|Any CPU
		{2B069D47-F787-4BF5-BBEC-5632F37CCBB6}.Debug|ARM.ActiveCfg = Debug|Any CPU
		{2B069D47-F787-4BF5-BBEC-5632F37CCBB6}.Debug|ARM.Build.0 = Debug|Any CPU
		{2B069D47-F787-4BF5-BBEC-5632F37CCBB6}.Debug|x64.ActiveCfg = Debug|Any CPU
		{2B069D47-F787-4BF5-BBEC-5632F37CCBB6}.Debug|x64.Build.0 = Debug|Any CPU
		{2B069D47-F787-4BF5-BBEC-5632F37CCBB6}.Debug|x86.ActiveCfg = Debug|Any CPU
		{2B069D47-F787-4BF5-BBEC-5632F37CCBB6}.Debug|x86.Build.0 = Debug|Any CPU
		{2B069D47-F787-4BF5-BBEC-5632F37CCBB6}.Release|Any CPU.ActiveCfg = Release|Any CPU
		{2B069D47-F787-4BF5-BBEC-5632F37CCBB6}.Release|Any CPU.Build.0 = Release|Any CPU
		{2B069D47-F787-4BF5-BBEC-5632F37CCBB6}.Release|ARM.ActiveCfg = Release|Any CPU
		{2B069D47-F787-4BF5-BBEC-5632F37CCBB6}.Release|ARM.Build.0 = Release|Any CPU
		{2B069D47-F787-4BF5-BBEC-5632F37CCBB6}.Release|x64.ActiveCfg = Release|Any CPU
		{2B069D47-F787-4BF5-BBEC-5632F37CCBB6}.Release|x64.Build.0 = Release|Any CPU
		{2B069D47-F787-4BF5-BBEC-5632F37CCBB6}.Release|x86.ActiveCfg = Release|Any CPU
		{2B069D47-F787-4BF5-BBEC-5632F37CCBB6}.Release|x86.Build.0 = Release|Any CPU
		{FA388013-6B94-40D8-8F27-C910FC65F90E}.Debug|Any CPU.ActiveCfg = Debug|Any CPU
		{FA388013-6B94-40D8-8F27-C910FC65F90E}.Debug|Any CPU.Build.0 = Debug|Any CPU
		{FA388013-6B94-40D8-8F27-C910FC65F90E}.Debug|ARM.ActiveCfg = Debug|Any CPU
		{FA388013-6B94-40D8-8F27-C910FC65F90E}.Debug|ARM.Build.0 = Debug|Any CPU
		{FA388013-6B94-40D8-8F27-C910FC65F90E}.Debug|x64.ActiveCfg = Debug|Any CPU
		{FA388013-6B94-40D8-8F27-C910FC65F90E}.Debug|x64.Build.0 = Debug|Any CPU
		{FA388013-6B94-40D8-8F27-C910FC65F90E}.Debug|x86.ActiveCfg = Debug|Any CPU
		{FA388013-6B94-40D8-8F27-C910FC65F90E}.Debug|x86.Build.0 = Debug|Any CPU
		{FA388013-6B94-40D8-8F27-C910FC65F90E}.Release|Any CPU.ActiveCfg = Release|Any CPU
		{FA388013-6B94-40D8-8F27-C910FC65F90E}.Release|Any CPU.Build.0 = Release|Any CPU
		{FA388013-6B94-40D8-8F27-C910FC65F90E}.Release|ARM.ActiveCfg = Release|Any CPU
		{FA388013-6B94-40D8-8F27-C910FC65F90E}.Release|ARM.Build.0 = Release|Any CPU
		{FA388013-6B94-40D8-8F27-C910FC65F90E}.Release|x64.ActiveCfg = Release|Any CPU
		{FA388013-6B94-40D8-8F27-C910FC65F90E}.Release|x64.Build.0 = Release|Any CPU
		{FA388013-6B94-40D8-8F27-C910FC65F90E}.Release|x86.ActiveCfg = Release|Any CPU
		{FA388013-6B94-40D8-8F27-C910FC65F90E}.Release|x86.Build.0 = Release|Any CPU
		{ACFC85D4-5524-48E3-8051-82853CCBFFBA}.Debug|Any CPU.ActiveCfg = Debug|Any CPU
		{ACFC85D4-5524-48E3-8051-82853CCBFFBA}.Debug|Any CPU.Build.0 = Debug|Any CPU
		{ACFC85D4-5524-48E3-8051-82853CCBFFBA}.Debug|ARM.ActiveCfg = Debug|Any CPU
		{ACFC85D4-5524-48E3-8051-82853CCBFFBA}.Debug|ARM.Build.0 = Debug|Any CPU
		{ACFC85D4-5524-48E3-8051-82853CCBFFBA}.Debug|x64.ActiveCfg = Debug|Any CPU
		{ACFC85D4-5524-48E3-8051-82853CCBFFBA}.Debug|x64.Build.0 = Debug|Any CPU
		{ACFC85D4-5524-48E3-8051-82853CCBFFBA}.Debug|x86.ActiveCfg = Debug|Any CPU
		{ACFC85D4-5524-48E3-8051-82853CCBFFBA}.Debug|x86.Build.0 = Debug|Any CPU
		{ACFC85D4-5524-48E3-8051-82853CCBFFBA}.Release|Any CPU.ActiveCfg = Release|Any CPU
		{ACFC85D4-5524-48E3-8051-82853CCBFFBA}.Release|Any CPU.Build.0 = Release|Any CPU
		{ACFC85D4-5524-48E3-8051-82853CCBFFBA}.Release|ARM.ActiveCfg = Release|Any CPU
		{ACFC85D4-5524-48E3-8051-82853CCBFFBA}.Release|ARM.Build.0 = Release|Any CPU
		{ACFC85D4-5524-48E3-8051-82853CCBFFBA}.Release|x64.ActiveCfg = Release|Any CPU
		{ACFC85D4-5524-48E3-8051-82853CCBFFBA}.Release|x64.Build.0 = Release|Any CPU
		{ACFC85D4-5524-48E3-8051-82853CCBFFBA}.Release|x86.ActiveCfg = Release|Any CPU
		{ACFC85D4-5524-48E3-8051-82853CCBFFBA}.Release|x86.Build.0 = Release|Any CPU
		{83C85134-7395-4CBA-AF84-769DAC3D289F}.Debug|Any CPU.ActiveCfg = Debug|Any CPU
		{83C85134-7395-4CBA-AF84-769DAC3D289F}.Debug|Any CPU.Build.0 = Debug|Any CPU
		{83C85134-7395-4CBA-AF84-769DAC3D289F}.Debug|Any CPU.Deploy.0 = Debug|Any CPU
		{83C85134-7395-4CBA-AF84-769DAC3D289F}.Debug|ARM.ActiveCfg = Debug|Any CPU
		{83C85134-7395-4CBA-AF84-769DAC3D289F}.Debug|ARM.Build.0 = Debug|Any CPU
		{83C85134-7395-4CBA-AF84-769DAC3D289F}.Debug|ARM.Deploy.0 = Debug|Any CPU
		{83C85134-7395-4CBA-AF84-769DAC3D289F}.Debug|x64.ActiveCfg = Debug|Any CPU
		{83C85134-7395-4CBA-AF84-769DAC3D289F}.Debug|x64.Build.0 = Debug|Any CPU
		{83C85134-7395-4CBA-AF84-769DAC3D289F}.Debug|x64.Deploy.0 = Debug|Any CPU
		{83C85134-7395-4CBA-AF84-769DAC3D289F}.Debug|x86.ActiveCfg = Debug|Any CPU
		{83C85134-7395-4CBA-AF84-769DAC3D289F}.Debug|x86.Build.0 = Debug|Any CPU
		{83C85134-7395-4CBA-AF84-769DAC3D289F}.Debug|x86.Deploy.0 = Debug|Any CPU
		{83C85134-7395-4CBA-AF84-769DAC3D289F}.Release|Any CPU.ActiveCfg = Release|Any CPU
		{83C85134-7395-4CBA-AF84-769DAC3D289F}.Release|Any CPU.Build.0 = Release|Any CPU
		{83C85134-7395-4CBA-AF84-769DAC3D289F}.Release|Any CPU.Deploy.0 = Release|Any CPU
		{83C85134-7395-4CBA-AF84-769DAC3D289F}.Release|ARM.ActiveCfg = Release|Any CPU
		{83C85134-7395-4CBA-AF84-769DAC3D289F}.Release|ARM.Build.0 = Release|Any CPU
		{83C85134-7395-4CBA-AF84-769DAC3D289F}.Release|ARM.Deploy.0 = Release|Any CPU
		{83C85134-7395-4CBA-AF84-769DAC3D289F}.Release|x64.ActiveCfg = Release|Any CPU
		{83C85134-7395-4CBA-AF84-769DAC3D289F}.Release|x64.Build.0 = Release|Any CPU
		{83C85134-7395-4CBA-AF84-769DAC3D289F}.Release|x64.Deploy.0 = Release|Any CPU
		{83C85134-7395-4CBA-AF84-769DAC3D289F}.Release|x86.ActiveCfg = Release|Any CPU
		{83C85134-7395-4CBA-AF84-769DAC3D289F}.Release|x86.Build.0 = Release|Any CPU
		{83C85134-7395-4CBA-AF84-769DAC3D289F}.Release|x86.Deploy.0 = Release|Any CPU
		{9055F633-39F1-4C32-920C-D49272498590}.Debug|Any CPU.ActiveCfg = Debug|Any CPU
		{9055F633-39F1-4C32-920C-D49272498590}.Debug|Any CPU.Build.0 = Debug|Any CPU
		{9055F633-39F1-4C32-920C-D49272498590}.Debug|ARM.ActiveCfg = Debug|Any CPU
		{9055F633-39F1-4C32-920C-D49272498590}.Debug|ARM.Build.0 = Debug|Any CPU
		{9055F633-39F1-4C32-920C-D49272498590}.Debug|x64.ActiveCfg = Debug|Any CPU
		{9055F633-39F1-4C32-920C-D49272498590}.Debug|x64.Build.0 = Debug|Any CPU
		{9055F633-39F1-4C32-920C-D49272498590}.Debug|x86.ActiveCfg = Debug|Any CPU
		{9055F633-39F1-4C32-920C-D49272498590}.Debug|x86.Build.0 = Debug|Any CPU
		{9055F633-39F1-4C32-920C-D49272498590}.Release|Any CPU.ActiveCfg = Release|Any CPU
		{9055F633-39F1-4C32-920C-D49272498590}.Release|Any CPU.Build.0 = Release|Any CPU
		{9055F633-39F1-4C32-920C-D49272498590}.Release|ARM.ActiveCfg = Release|Any CPU
		{9055F633-39F1-4C32-920C-D49272498590}.Release|ARM.Build.0 = Release|Any CPU
		{9055F633-39F1-4C32-920C-D49272498590}.Release|x64.ActiveCfg = Release|Any CPU
		{9055F633-39F1-4C32-920C-D49272498590}.Release|x64.Build.0 = Release|Any CPU
		{9055F633-39F1-4C32-920C-D49272498590}.Release|x86.ActiveCfg = Release|Any CPU
		{9055F633-39F1-4C32-920C-D49272498590}.Release|x86.Build.0 = Release|Any CPU
		{B60C474C-DFCD-4C50-B214-830852450A52}.Debug|Any CPU.ActiveCfg = Debug|Any CPU
		{B60C474C-DFCD-4C50-B214-830852450A52}.Debug|Any CPU.Build.0 = Debug|Any CPU
		{B60C474C-DFCD-4C50-B214-830852450A52}.Debug|ARM.ActiveCfg = Debug|Any CPU
		{B60C474C-DFCD-4C50-B214-830852450A52}.Debug|ARM.Build.0 = Debug|Any CPU
		{B60C474C-DFCD-4C50-B214-830852450A52}.Debug|x64.ActiveCfg = Debug|Any CPU
		{B60C474C-DFCD-4C50-B214-830852450A52}.Debug|x64.Build.0 = Debug|Any CPU
		{B60C474C-DFCD-4C50-B214-830852450A52}.Debug|x86.ActiveCfg = Debug|Any CPU
		{B60C474C-DFCD-4C50-B214-830852450A52}.Debug|x86.Build.0 = Debug|Any CPU
		{B60C474C-DFCD-4C50-B214-830852450A52}.Release|Any CPU.ActiveCfg = Release|Any CPU
		{B60C474C-DFCD-4C50-B214-830852450A52}.Release|Any CPU.Build.0 = Release|Any CPU
		{B60C474C-DFCD-4C50-B214-830852450A52}.Release|ARM.ActiveCfg = Release|Any CPU
		{B60C474C-DFCD-4C50-B214-830852450A52}.Release|ARM.Build.0 = Release|Any CPU
		{B60C474C-DFCD-4C50-B214-830852450A52}.Release|x64.ActiveCfg = Release|Any CPU
		{B60C474C-DFCD-4C50-B214-830852450A52}.Release|x64.Build.0 = Release|Any CPU
		{B60C474C-DFCD-4C50-B214-830852450A52}.Release|x86.ActiveCfg = Release|Any CPU
		{B60C474C-DFCD-4C50-B214-830852450A52}.Release|x86.Build.0 = Release|Any CPU
		{FBBDCB36-9F9A-4E0D-9923-0C121FFFBEEC}.Debug|Any CPU.ActiveCfg = Debug|Any CPU
		{FBBDCB36-9F9A-4E0D-9923-0C121FFFBEEC}.Debug|Any CPU.Build.0 = Debug|Any CPU
		{FBBDCB36-9F9A-4E0D-9923-0C121FFFBEEC}.Debug|ARM.ActiveCfg = Debug|Any CPU
		{FBBDCB36-9F9A-4E0D-9923-0C121FFFBEEC}.Debug|ARM.Build.0 = Debug|Any CPU
		{FBBDCB36-9F9A-4E0D-9923-0C121FFFBEEC}.Debug|x64.ActiveCfg = Debug|Any CPU
		{FBBDCB36-9F9A-4E0D-9923-0C121FFFBEEC}.Debug|x64.Build.0 = Debug|Any CPU
		{FBBDCB36-9F9A-4E0D-9923-0C121FFFBEEC}.Debug|x86.ActiveCfg = Debug|Any CPU
		{FBBDCB36-9F9A-4E0D-9923-0C121FFFBEEC}.Debug|x86.Build.0 = Debug|Any CPU
		{FBBDCB36-9F9A-4E0D-9923-0C121FFFBEEC}.Release|Any CPU.ActiveCfg = Release|Any CPU
		{FBBDCB36-9F9A-4E0D-9923-0C121FFFBEEC}.Release|Any CPU.Build.0 = Release|Any CPU
		{FBBDCB36-9F9A-4E0D-9923-0C121FFFBEEC}.Release|ARM.ActiveCfg = Release|Any CPU
		{FBBDCB36-9F9A-4E0D-9923-0C121FFFBEEC}.Release|ARM.Build.0 = Release|Any CPU
		{FBBDCB36-9F9A-4E0D-9923-0C121FFFBEEC}.Release|x64.ActiveCfg = Release|Any CPU
		{FBBDCB36-9F9A-4E0D-9923-0C121FFFBEEC}.Release|x64.Build.0 = Release|Any CPU
		{FBBDCB36-9F9A-4E0D-9923-0C121FFFBEEC}.Release|x86.ActiveCfg = Release|Any CPU
		{FBBDCB36-9F9A-4E0D-9923-0C121FFFBEEC}.Release|x86.Build.0 = Release|Any CPU
	EndGlobalSection
	GlobalSection(SolutionProperties) = preSolution
		HideSolutionNode = FALSE
	EndGlobalSection
	GlobalSection(NestedProjects) = preSolution
		{7E669FE1-73F8-4D59-83C0-7042EE576449} = {40A05061-9648-4C4A-A632-0A50598423E0}
		{F2CFDF32-5B61-4D83-BB19-00369E605537} = {40A05061-9648-4C4A-A632-0A50598423E0}
		{90A3F0B8-027B-40AF-AC64-FE839830688D} = {0A8DE20B-F3B8-4856-BAB2-F9A5705AA598}
		{DA8509D3-8BE7-400A-9D6C-803E85C47CBA} = {E0D4AADB-3777-4484-A449-F7F3180912EC}
		{09885F73-2F13-4F13-B40A-4EACB63F4FD6} = {E0D4AADB-3777-4484-A449-F7F3180912EC}
		{69273F1C-1EA5-4E74-857A-4F1245082B39} = {0A9CA06E-FC1A-4BC2-9C77-AD88B7B8360F}
		{2B069D47-F787-4BF5-BBEC-5632F37CCBB6} = {0A9CA06E-FC1A-4BC2-9C77-AD88B7B8360F}
		{FA388013-6B94-40D8-8F27-C910FC65F90E} = {0A9CA06E-FC1A-4BC2-9C77-AD88B7B8360F}
		{ACFC85D4-5524-48E3-8051-82853CCBFFBA} = {0A9CA06E-FC1A-4BC2-9C77-AD88B7B8360F}
		{83C85134-7395-4CBA-AF84-769DAC3D289F} = {2AFFDFF4-2A4B-4B88-8AED-35892F1DE59C}
		{9055F633-39F1-4C32-920C-D49272498590} = {AD3D8CBB-2DC2-4766-972A-746A12E79CC8}
		{B60C474C-DFCD-4C50-B214-830852450A52} = {AD3D8CBB-2DC2-4766-972A-746A12E79CC8}
		{FBBDCB36-9F9A-4E0D-9923-0C121FFFBEEC} = {AD3D8CBB-2DC2-4766-972A-746A12E79CC8}
	EndGlobalSection
EndGlobal
